
Microsoft Visual Studio Solution File, Format Version 12.00
# Visual Studio Version 17
VisualStudioVersion = 17.9.34701.34
MinimumVisualStudioVersion = 10.0.40219.1
Project("{FAE04EC0-301F-11D3-BF4B-00C04F79EFBC}") = "SabirTeacherTask", "SabirTeacherTask.csproj", "{81473B30-1B18-4EA6-AE59-6589958CFA34}"
EndProject
Global
	GlobalSection(SolutionConfigurationPlatforms) = preSolution
		Debug|Any CPU = Debug|Any CPU
		Release|Any CPU = Release|Any CPU
	EndGlobalSection
	GlobalSection(ProjectConfigurationPlatforms) = postSolution
		{81473B30-1B18-4EA6-AE59-6589958CFA34}.Debug|Any CPU.ActiveCfg = Debug|Any CPU
		{81473B30-1B18-4EA6-AE59-6589958CFA34}.Debug|Any CPU.Build.0 = Debug|Any CPU
		{81473B30-1B18-4EA6-AE59-6589958CFA34}.Release|Any CPU.ActiveCfg = Release|Any CPU
		{81473B30-1B18-4EA6-AE59-6589958CFA34}.Release|Any CPU.Build.0 = Release|Any CPU
	EndGlobalSection
	GlobalSection(SolutionProperties) = preSolution
		HideSolutionNode = FALSE
	EndGlobalSection
	GlobalSection(ExtensibilityGlobals) = postSolution
		SolutionGuid = {995E3D0F-EBEB-49C5-BCE3-54BD9A595E14}
	EndGlobalSection
EndGlobal
